{
  "name": "node-cpu-benchmark",
  "version": "1.0.0",
  "lockfileVersion": 1,
  "requires": true,
  "dependencies": {
    "cpu-benchmark": {
      "version": "1.0.1",
      "resolved": "https://registry.npmjs.org/cpu-benchmark/-/cpu-benchmark-1.0.1.tgz",
      "integrity": "sha512-b6FmkWdWvwKySXIdMFjXqh9xkWl5MCDq5EZv26/PxzlSoY+/pugsA8wx2rUJ4/w7MhtU/GqmKmifr+uufgMFnw=="
    }
  }
}
